
Microsoft Visual Studio Solution File, Format Version 12.00
# Visual Studio Version 16
VisualStudioVersion = 16.0.30002.166
MinimumVisualStudioVersion = 10.0.40219.1
Project("{FAE04EC0-301F-11D3-BF4B-00C04F79EFBC}") = "Tartarus", "Tartarus\Tartarus.csproj", "{D829F48B-3A55-48F2-8EF0-9CDCC76E3432}"
EndProject
Global
	GlobalSection(SolutionConfigurationPlatforms) = preSolution
		Debug|Any CPU = Debug|Any CPU
		Release|Any CPU = Release|Any CPU
	EndGlobalSection
	GlobalSection(ProjectConfigurationPlatforms) = postSolution
		{D829F48B-3A55-48F2-8EF0-9CDCC76E3432}.Debug|Any CPU.ActiveCfg = Debug|Any CPU
		{D829F48B-3A55-48F2-8EF0-9CDCC76E3432}.Debug|Any CPU.Build.0 = Debug|Any CPU
		{D829F48B-3A55-48F2-8EF0-9CDCC76E3432}.Release|Any CPU.ActiveCfg = Release|Any CPU
		{D829F48B-3A55-48F2-8EF0-9CDCC76E3432}.Release|Any CPU.Build.0 = Release|Any CPU
	EndGlobalSection
	GlobalSection(SolutionProperties) = preSolution
		HideSolutionNode = FALSE
	EndGlobalSection
	GlobalSection(ExtensibilityGlobals) = postSolution
		SolutionGuid = {9B4D9761-634B-4F2B-991B-867F54055176}
	EndGlobalSection
EndGlobal
